// !$*UTF8*$!
{
	archiveVersion = 1;
	classes = {
	};
	objectVersion = 46;
	objects = {

/* Begin PBXBuildFile section */
		EE3A2B131E2A883600EFE3DC /* AppDelegate.swift in Sources */ = {isa = PBXBuildFile; fileRef = EE3A2B121E2A883600EFE3DC /* AppDelegate.swift */; };
		EE3A2B151E2A883600EFE3DC /* ViewController.swift in Sources */ = {isa = PBXBuildFile; fileRef = EE3A2B141E2A883600EFE3DC /* ViewController.swift */; };
		EE3A2B181E2A883600EFE3DC /* Main.storyboard in Resources */ = {isa = PBXBuildFile; fileRef = EE3A2B161E2A883600EFE3DC /* Main.storyboard */; };
		EE3A2B1B1E2A883600EFE3DC /* TicTacToe.xcdatamodeld in Sources */ = {isa = PBXBuildFile; fileRef = EE3A2B191E2A883600EFE3DC /* TicTacToe.xcdatamodeld */; };
		EE3A2B1D1E2A883600EFE3DC /* Assets.xcassets in Resources */ = {isa = PBXBuildFile; fileRef = EE3A2B1C1E2A883600EFE3DC /* Assets.xcassets */; };
		EE3A2B201E2A883600EFE3DC /* LaunchScreen.storyboard in Resources */ = {isa = PBXBuildFile; fileRef = EE3A2B1E1E2A883600EFE3DC /* LaunchScreen.storyboard */; };
/* End PBXBuildFile section */

/* Begin PBXFileReference section */
		EE3A2B0F1E2A883600EFE3DC /* TicTacToe.app */ = {isa = PBXFileReference; explicitFileType = wrapper.application; includeInIndex = 0; path = TicTacToe.app; sourceTree = BUILT_PRODUCTS_DIR; };
		EE3A2B121E2A883600EFE3DC /* AppDelegate.swift */ = {isa = PBXFileReference; lastKnownFileType = sourcecode.swift; path = AppDelegate.swift; sourceTree = "<group>"; };
		EE3A2B141E2A883600EFE3DC /* ViewController.swift */ = {isa = PBXFileReference; lastKnownFileType = sourcecode.swift; path = ViewController.swift; sourceTree = "<group>"; };
		EE3A2B171E2A883600EFE3DC /* Base */ = {isa = PBXFileReference; lastKnownFileType = file.storyboard; name = Base; path = Base.lproj/Main.storyboard; sourceTree = "<group>"; };
		EE3A2B1A1E2A883600EFE3DC /* TicTacToe.xcdatamodel */ = {isa = PBXFileReference; lastKnownFileType = wrapper.xcdatamodel; path = TicTacToe.xcdatamodel; sourceTree = "<group>"; };
		EE3A2B1C1E2A883600EFE3DC /* Assets.xcassets */ = {isa = PBXFileReference; lastKnownFileType = folder.assetcatalog; path = Assets.xcassets; sourceTree = "<group>"; };
		EE3A2B1F1E2A883600EFE3DC /* Base */ = {isa = PBXFileReference; lastKnownFileType = file.storyboard; name = Base; path = Base.lproj/LaunchScreen.storyboard; sourceTree = "<group>"; };
		EE3A2B211E2A883600EFE3DC /* Info.plist */ = {isa = PBXFileReference; lastKnownFileType = text.plist.xml; path = Info.plist; sourceTree = "<group>"; };
/* End PBXFileReference section */

/* Begin PBXFrameworksBuildPhase section */
		EE3A2B0C1E2A883600EFE3DC /* Frameworks */ = {
			isa = PBXFrameworksBuildPhase;
			buildActionMask = 2147483647;
			files = (
			);
			runOnlyForDeploymentPostprocessing = 0;
		};
/* End PBXFrameworksBuildPhase section */

/* Begin PBXGroup section */
		EE3A2B061E2A883600EFE3DC = {
			isa = PBXGroup;
			children = (
				EE3A2B111E2A883600EFE3DC /* TicTacToe */,
				EE3A2B101E2A883600EFE3DC /* Products */,
			);
			sourceTree = "<group>";
		};
		EE3A2B101E2A883600EFE3DC /* Products */ = {
			isa = PBXGroup;
			children = (
				EE3A2B0F1E2A883600EFE3DC /* TicTacToe.app */,
			);
			name = Products;
			sourceTree = "<group>";
		};
		EE3A2B111E2A883600EFE3DC /* TicTacToe */ = {
			isa = PBXGroup;
			children = (
				EE3A2B121E2A883600EFE3DC /* AppDelegate.swift */,
				EE3A2B141E2A883600EFE3DC /* ViewController.swift */,
				EE3A2B161E2A883600EFE3DC /* Main.storyboard */,
				EE3A2B1C1E2A883600EFE3DC /* Assets.xcassets */,
				EE3A2B1E1E2A883600EFE3DC /* LaunchScreen.storyboard */,
				EE3A2B211E2A883600EFE3DC /* Info.plist */,
				EE3A2B191E2A883600EFE3DC /* TicTacToe.xcdatamodeld */,
			);
			path = TicTacToe;
			sourceTree = "<group>";
		};
/* End PBXGroup section */

/* Begin PBXNativeTarget section */
		EE3A2B0E1E2A883600EFE3DC /* TicTacToe */ = {
			isa = PBXNativeTarget;
			buildConfigurationList = EE3A2B241E2A883600EFE3DC /* Build configuration list for PBXNativeTarget "TicTacToe" */;
			buildPhases = (
				EE3A2B0B1E2A883600EFE3DC /* Sources */,
				EE3A2B0C1E2A883600EFE3DC /* Frameworks */,
				EE3A2B0D1E2A883600EFE3DC /* Resources */,
			);
			buildRules = (
			);
			dependencies = (
			);
			name = TicTacToe;
			productName = TicTacToe;
			productReference = EE3A2B0F1E2A883600EFE3DC /* TicTacToe.app */;
			productType = "com.apple.product-type.application";
		};
/* End PBXNativeTarget section */

/* Begin PBXProject section */
		EE3A2B071E2A883600EFE3DC /* Project object */ = {
			isa = PBXProject;
			attributes = {
				LastSwiftUpdateCheck = 0820;
				LastUpgradeCheck = 0820;
				ORGANIZATIONNAME = "Michael Chung";
				TargetAttributes = {
					EE3A2B0E1E2A883600EFE3DC = {
						CreatedOnToolsVersion = 8.2;
						ProvisioningStyle = Automatic;
					};
				};
			};
			buildConfigurationList = EE3A2B0A1E2A883600EFE3DC /* Build configuration list for PBXProject "TicTacToe" */;
			compatibilityVersion = "Xcode 3.2";
			developmentRegion = English;
			hasScannedForEncodings = 0;
			knownRegions = (
				en,
				Base,
			);
			mainGroup = EE3A2B061E2A883600EFE3DC;
			productRefGroup = EE3A2B101E2A883600EFE3DC /* Products */;
			projectDirPath = "";
			projectRoot = "";
			targets = (
				EE3A2B0E1E2A883600EFE3DC /* TicTacToe */,
			);
		};
/* End PBXProject section */

/* Begin PBXResourcesBuildPhase section */
		EE3A2B0D1E2A883600EFE3DC /* Resources */ = {
			isa = PBXResourcesBuildPhase;
			buildActionMask = 2147483647;
			files = (
				EE3A2B201E2A883600EFE3DC /* LaunchScreen.storyboard in Resources */,
				EE3A2B1D1E2A883600EFE3DC /* Assets.xcassets in Resources */,
				EE3A2B181E2A883600EFE3DC /* Main.storyboard in Resources */,
			);
			runOnlyForDeploymentPostprocessing = 0;
		};
/* End PBXResourcesBuildPhase section */

/* Begin PBXSourcesBuildPhase section */
		EE3A2B0B1E2A883600EFE3DC /* Sources */ = {
			isa = PBXSourcesBuildPhase;
			buildActionMask = 2147483647;
			files = (
				EE3A2B1B1E2A883600EFE3DC /* TicTacToe.xcdatamodeld in Sources */,
				EE3A2B151E2A883600EFE3DC /* ViewController.swift in Sources */,
				EE3A2B131E2A883600EFE3DC /* AppDelegate.swift in Sources */,
			);
			runOnlyForDeploymentPostprocessing = 0;
		};
/* End PBXSourcesBuildPhase section */

/* Begin PBXVariantGroup section */
		EE3A2B161E2A883600EFE3DC /* Main.storyboard */ = {
			isa = PBXVariantGroup;
			children = (
				EE3A2B171E2A883600EFE3DC /* Base */,
			);
			name = Main.storyboard;
			sourceTree = "<group>";
		};
		EE3A2B1E1E2A883600EFE3DC /* LaunchScreen.storyboard */ = {
			isa = PBXVariantGroup;
			children = (
				EE3A2B1F1E2A883600EFE3DC /* Base */,
			);
			name = LaunchScreen.storyboard;
			sourceTree = "<group>";
		};
/* End PBXVariantGroup section */

/* Begin XCBuildConfiguration section */
		EE3A2B221E2A883600EFE3DC /* Debug */ = {
			isa = XCBuildConfiguration;
			buildSettings = {
				ALWAYS_SEARCH_USER_PATHS = NO;
				CLANG_ANALYZER_NONNULL = YES;
				CLANG_CXX_LANGUAGE_STANDARD = "gnu++0x";
				CLANG_CXX_LIBRARY = "libc++";
				CLANG_ENABLE_MODULES = YES;
				CLANG_ENABLE_OBJC_ARC = YES;
				CLANG_WARN_BOOL_CONVERSION = YES;
				CLANG_WARN_CONSTANT_CONVERSION = YES;
				CLANG_WARN_DIRECT_OBJC_ISA_USAGE = YES_ERROR;
				CLANG_WARN_DOCUMENTATION_COMMENTS = YES;
				CLANG_WARN_EMPTY_BODY = YES;
				CLANG_WARN_ENUM_CONVERSION = YES;
				CLANG_WARN_INFINITE_RECURSION = YES;
				CLANG_WARN_INT_CONVERSION = YES;
				CLANG_WARN_OBJC_ROOT_CLASS = YES_ERROR;
				CLANG_WARN_SUSPICIOUS_MOVE = YES;
				CLANG_WARN_UNREACHABLE_CODE = YES;
				CLANG_WARN__DUPLICATE_METHOD_MATCH = YES;
				"CODE_SIGN_IDENTITY[sdk=iphoneos*]" = "iPhone Developer";
				COPY_PHASE_STRIP = NO;
				DEBUG_INFORMATION_FORMAT = dwarf;
				ENABLE_STRICT_OBJC_MSGSEND = YES;
				ENABLE_TESTABILITY = YES;
				GCC_C_LANGUAGE_STANDARD = gnu99;
				GCC_DYNAMIC_NO_PIC = NO;
				GCC_NO_COMMON_BLOCKS = YES;
				GCC_OPTIMIZATION_LEVEL = 0;
				GCC_PREPROCESSOR_DEFINITIONS = (
					"DEBUG=1",
					"$(inherited)",
				);
				GCC_WARN_64_TO_32_BIT_CONVERSION = YES;
				GCC_WARN_ABOUT_RETURN_TYPE = YES_ERROR;
				GCC_WARN_UNDECLARED_SELECTOR = YES;
				GCC_WARN_UNINITIALIZED_AUTOS = YES_AGGRESSIVE;
				GCC_WARN_UNUSED_FUNCTION = YES;
				GCC_WARN_UNUSED_VARIABLE = YES;
				IPHONEOS_DEPLOYMENT_TARGET = 10.2;
				MTL_ENABLE_DEBUG_INFO = YES;
				ONLY_ACTIVE_ARCH = YES;
				SDKROOT = iphoneos;
				SWIFT_ACTIVE_COMPILATION_CONDITIONS = DEBUG;
				SWIFT_OPTIMIZATION_LEVEL = "-Onone";
			};
			name = Debug;
		};
		EE3A2B231E2A883600EFE3DC /* Release */ = {
			isa = XCBuildConfiguration;
			buildSettings = {
				ALWAYS_SEARCH_USER_PATHS = NO;
				CLANG_ANALYZER_NONNULL = YES;
				CLANG_CXX_LANGUAGE_STANDARD = "gnu++0x";
				CLANG_CXX_LIBRARY = "libc++";
				CLANG_ENABLE_MODULES = YES;
				CLANG_ENABLE_OBJC_ARC = YES;
				CLANG_WARN_BOOL_CONVERSION = YES;
				CLANG_WARN_CONSTANT_CONVERSION = YES;
				CLANG_WARN_DIRECT_OBJC_ISA_USAGE = YES_ERROR;
				CLANG_WARN_DOCUMENTATION_COMMENTS = YES;
				CLANG_WARN_EMPTY_BODY = YES;
				CLANG_WARN_ENUM_CONVERSION = YES;
				CLANG_WARN_INFINITE_RECURSION = YES;
				CLANG_WARN_INT_CONVERSION = YES;
				CLANG_WARN_OBJC_ROOT_CLASS = YES_ERROR;
				CLANG_WARN_SUSPICIOUS_MOVE = YES;
				CLANG_WARN_UNREACHABLE_CODE = YES;
				CLANG_WARN__DUPLICATE_METHOD_MATCH = YES;
				"CODE_SIGN_IDENTITY[sdk=iphoneos*]" = "iPhone Developer";
				COPY_PHASE_STRIP = NO;
				DEBUG_INFORMATION_FORMAT = "dwarf-with-dsym";
				ENABLE_NS_ASSERTIONS = NO;
				ENABLE_STRICT_OBJC_MSGSEND = YES;
				GCC_C_LANGUAGE_STANDARD = gnu99;
				GCC_NO_COMMON_BLOCKS = YES;
				GCC_WARN_64_TO_32_BIT_CONVERSION = YES;
				GCC_WARN_ABOUT_RETURN_TYPE = YES_ERROR;
				GCC_WARN_UNDECLARED_SELECTOR = YES;
				GCC_WARN_UNINITIALIZED_AUTOS = YES_AGGRESSIVE;
				GCC_WARN_UNUSED_FUNCTION = YES;
				GCC_WARN_UNUSED_VARIABLE = YES;
				IPHONEOS_DEPLOYMENT_TARGET = 10.2;
				MTL_ENABLE_DEBUG_INFO = NO;
				SDKROOT = iphoneos;
				SWIFT_OPTIMIZATION_LEVEL = "-Owholemodule";
				VALIDATE_PRODUCT = YES;
			};
			name = Release;
		};
		EE3A2B251E2A883600EFE3DC /* Debug */ = {
			isa = XCBuildConfiguration;
			buildSettings = {
				ASSETCATALOG_COMPILER_APPICON_NAME = AppIcon;
				INFOPLIST_FILE = TicTacToe/Info.plist;
				LD_RUNPATH_SEARCH_PATHS = "$(inherited) @executable_path/Frameworks";
				PRODUCT_BUNDLE_IDENTIFIER = com.project.TicTacToe;
				PRODUCT_NAME = "$(TARGET_NAME)";
				SWIFT_VERSION = 3.0;
			};
			name = Debug;
		};
		EE3A2B261E2A883600EFE3DC /* Release */ = {
			isa = XCBuildConfiguration;
			buildSettings = {
				ASSETCATALOG_COMPILER_APPICON_NAME = AppIcon;
				INFOPLIST_FILE = TicTacToe/Info.plist;
				LD_RUNPATH_SEARCH_PATHS = "$(inherited) @executable_path/Frameworks";
				PRODUCT_BUNDLE_IDENTIFIER = com.project.TicTacToe;
				PRODUCT_NAME = "$(TARGET_NAME)";
				SWIFT_VERSION = 3.0;
			};
			name = Release;
		};
/* End XCBuildConfiguration section */

/* Begin XCConfigurationList section */
		EE3A2B0A1E2A883600EFE3DC /* Build configuration list for PBXProject "TicTacToe" */ = {
			isa = XCConfigurationList;
			buildConfigurations = (
				EE3A2B221E2A883600EFE3DC /* Debug */,
				EE3A2B231E2A883600EFE3DC /* Release */,
			);
			defaultConfigurationIsVisible = 0;
			defaultConfigurationName = Release;
		};
		EE3A2B241E2A883600EFE3DC /* Build configuration list for PBXNativeTarget "TicTacToe" */ = {
			isa = XCConfigurationList;
			buildConfigurations = (
				EE3A2B251E2A883600EFE3DC /* Debug */,
				EE3A2B261E2A883600EFE3DC /* Release */,
			);
			defaultConfigurationIsVisible = 0;
		};
/* End XCConfigurationList section */

/* Begin XCVersionGroup section */
		EE3A2B191E2A883600EFE3DC /* TicTacToe.xcdatamodeld */ = {
			isa = XCVersionGroup;
			children = (
				EE3A2B1A1E2A883600EFE3DC /* TicTacToe.xcdatamodel */,
			);
			currentVersion = EE3A2B1A1E2A883600EFE3DC /* TicTacToe.xcdatamodel */;
			path = TicTacToe.xcdatamodeld;
			sourceTree = "<group>";
			versionGroupType = wrapper.xcdatamodel;
		};
/* End XCVersionGroup section */
	};
	rootObject = EE3A2B071E2A883600EFE3DC /* Project object */;
}
